eliasnaur.com/font v0.0.0-20230308162249-dd43949cb42d h1:ARo7NCVvN2NdhLlJE9xAbKweuI9L6UgfTbYb0YwPacY=
eliasnaur.com/font v0.0.0-20230308162249-dd43949cb42d/go.mod h1:OYVuxibdk9OSLX8vAqydtRPP87PyTFcT9uH3MlEGBQA=
gioui.org v0.8.0 h1:QV5p5JvsmSmGiIXVYOKn6d9YDliTfjtLlVf5J+BZ9Pg=
gioui.org v0.8.0/go.mod h1:vEMmpxMOd/iwJhXvGVIzWEbxMWhnMQ9aByOGQdlQ8rc=
gioui.org/cmd v0.8.0 h1:oy5qOlc1UXcglc5HBCMZQELiIzQ2obhT98mw+SuWafQ=
gioui.org/cmd v0.8.0/go.mod h1:wKLAyAgRR25VMYFzGX2Ecia0m0Td562wDcZ3LaPHPTI=
gioui.org/cpu v0.0.0-20210808092351-bfe733dd3334/go.mod h1:A8M0Cn5o+vY5LTMlnRoK3O5kG+rH0kWfJjeKd9QpBmQ=
gioui.org/example v0.8.0 h1:v5d1MppljoSUnZ+zmCwMwK4d4yzHBXe00R3keSl1OFM=
gioui.org/example v0.8.0/go.mod h1:NTctrwkcz3Jj2TbcgPTaqmQjDZaRhvcJr2Hn8uA6BLI=
gioui.org/shader v1.0.8 h1:6ks0o/A+b0ne7RzEqRZK5f4Gboz2CfG+mVliciy6+qA=
gioui.org/shader v1.0.8/go.mod h1:mWdiME581d/kV7/iEhLmUgUK5iZ09XR5XpduXzbePVM=
github.com/akavel/rsrc v0.10.1 h1:hCCPImjmFKVNGpeLZyTDRHEFC283DzyTXTo0cO0Rq9o=
github.com/akavel/rsrc v0.10.1/go.mod h1:uLoCtb9J+EyAqh+26kdrTgmzRBFPGOolLWKpdxkKq+c=
github.com/chromedp/cdproto v0.0.0-20191114225735-6626966fbae4 h1:QD3KxSJ59L2lxG6MXBjNHxiQO2RmxTQ3XcK+wO44WOg=
github.com/chromedp/cdproto v0.0.0-20191114225735-6626966fbae4/go.mod h1:PfAWWKJqjlGFYJEidUM6aVIWPr0EpobeyVWEEmplX7g=
github.com/chromedp/chromedp v0.5.2 h1:W8xBXQuUnd2dZK0SN/lyVwsQM7KgW+kY5HGnntms194=
github.com/chromedp/chromedp v0.5.2/go.mod h1:rsTo/xRo23KZZwFmWk2Ui79rBaVRRATCjLzNQlOFSiA=
github.com/go-text/typesetting v0.2.1 h1:x0jMOGyO3d1qFAPI0j4GSsh7M0Q3Ypjzr4+CEVg82V8=
github.com/go-text/typesetting v0.2.1/go.mod h1:mTOxEwasOFpAMBjEQDhdWRckoLLeI/+qrQeBCTGEt6M=
github.com/go-text/typesetting-utils v0.0.0-20241103174707-87a29e9e6066 h1:qCuYC+94v2xrb1PoS4NIDe7DGYtLnU2wWiQe9a1B1c0=
github.com/go-text/typesetting-utils v0.0.0-20241103174707-87a29e9e6066/go.mod h1:DDxDdQEnB70R8owOx3LVpEFvpMK9eeH1o2r0yZhFI9o=
github.com/gobwas/httphead v0.0.0-20180130184737-2c6c146eadee h1:s+21KNqlpePfkah2I+gwHF8xmJWRjooY+5248k6m4A0=
github.com/gobwas/httphead v0.0.0-20180130184737-2c6c146eadee/go.mod h1:L0fX3K22YWvt/FAX9NnzrNzcI4wNYi9Yku4O0LKYflo=
github.com/gobwas/pool v0.2.0 h1:QEmUOlnSjWtnpRGHF3SauEiOsy82Cup83Vf2LcMlnc8=
github.com/gobwas/pool v0.2.0/go.mod h1:q8bcK0KcYlCgd9e7WYLm9LpyS+YeLd8JVDW6WezmKEw=
github.com/gobwas/ws v1.0.2 h1:CoAavW/wd/kulfZmSIBt6p24n4j7tHgNVCjsfHVNUbo=
github.com/gobwas/ws v1.0.2/go.mod h1:szmBTxLgaFppYjEmNtny/v3w89xOydFnnZMcgRRu/EM=
github.com/gomarkdown/markdown v0.0.0-20190912180731-281270bc6d83 h1:w5VNUHB0SP2tr1+boQJWKvnyn3P61UFErZ2e2ih6x0A=
github.com/gomarkdown/markdown v0.0.0-20190912180731-281270bc6d83/go.mod h1:aii0r/K0ZnHv7G0KF7xy1v0A7s2Ljrb5byB7MO5p6TU=
github.com/knq/sysutil v0.0.0-20191005231841-15668db23d08 h1:V0an7KRw92wmJysvFvtqtKMAPmvS5O0jtB0nYo6t+gs=
github.com/knq/sysutil v0.0.0-20191005231841-15668db23d08/go.mod h1:dFWs1zEqDjFtnBXsd1vPOZaLsESovai349994nHx3e0=
github.com/mailru/easyjson v0.7.0 h1:aizVhC/NAAcKWb+5QsU1iNOZb4Yws5UO2I+aIprQITM=
github.com/mailru/easyjson v0.7.0/go.mod h1:KAzv3t3aY1NaHWoQz1+4F1ccyAH66Jk7yos7ldAVICs=
golang.org/dl v0.0.0-20190829154251-82a15e2f2ead/go.mod h1:IUMfjQLJQd4UTqG1Z90tenwKoCX93Gn3MAQJMOSBsDQ=
golang.org/x/exp v0.0.0-20240716175740-e3f259677ff7 h1:wDLEX9a7YQoKdKNQt88rtydkqDxeGaBUTnIYc3iG/mA=
golang.org/x/exp v0.0.0-20240716175740-e3f259677ff7/go.mod h1:M4RDyNAINzryxdtnbRXRL/OHtkFuWGRjvuhBJpk2IlY=
golang.org/x/exp/shiny v0.0.0-20240716175740-e3f259677ff7 h1:xcw2jFaABRhXc/LNWVqUrEtuJ+ttk7i4+hI3LwBaK50=
golang.org/x/exp/shiny v0.0.0-20240716175740-e3f259677ff7/go.mod h1:3F+MieQB7dRYLTmnncoFbb1crS5lfQoTfDgQy6K4N0o=
golang.org/x/image v0.18.0 h1:jGzIakQa/ZXI1I0Fxvaa9W7yP25TqT6cHIHn+6CqvSQ=
golang.org/x/image v0.18.0/go.mod h1:4yyo5vMFQjVjUcVk4jEQcU9MGy/rulF5WvUILseCM2E=
golang.org/x/mod v0.19.0 h1:fEdghXQSo20giMthA7cd28ZC+jts4amQ3YMXiP5oMQ8=
golang.org/x/mod v0.19.0/go.mod h1:hTbmBsO62+eylJbnUtE2MGJUyE7QWk4xUqPFrRgJ+7c=
golang.org/x/sync v0.7.0 h1:YsImfSBoP9QPYL0xyKJPq0gcaJdG3rInoqxTWbfQu9M=
golang.org/x/sync v0.7.0/go.mod h1:Czt+wKu1gCyEFDUtn0jG5QVvpJ6rzVqr5aXyt9drQfk=
golang.org/x/sys v0.22.0 h1:RI27ohtqKCnwULzJLqkv897zojh5/DwS/ENaMzUOaWI=
golang.org/x/sys v0.22.0/go.mod h1:/VUhepiaJMQUp4+oa/7Zr1D23ma6VTLIYjOOTFZPUcA=
golang.org/x/text v0.16.0 h1:a94ExnEXNtEwYLGJSIUxnWoxoRz/ZcCsV63ROupILh4=
golang.org/x/text v0.16.0/go.mod h1:GhwF1Be+LQoKShO3cGOHzqOgRrGaYc9AvblQOmPVHnI=
golang.org/x/tools v0.23.0 h1:SGsXPZ+2l4JsgaCKkx+FQ9YZ5XEtA1GZYuoDjenLjvg=
golang.org/x/tools v0.23.0/go.mod h1:pnu6ufv6vQkll6szChhK3C3L/ruaIv5eBeztNG8wtsI=
gopkg.in/check.v1 v0.0.0-20161208181325-20d25e280405 h1:yhCVgyC4o1eVCa2tZl7eS0r+SDo693bJlVdllGtEeKM=
gopkg.in/check.v1 v0.0.0-20161208181325-20d25e280405/go.mod h1:Co6ibVJAznAaIkqp8huTwlJQCZ016jof/cbN4VW5Yz0=
gopkg.in/yaml.v2 v2.3.0 h1:clyUAQHOM3G0M3f5vQj7LuJrETvjVot3Z5el9nffUtU=
gopkg.in/yaml.v2 v2.3.0/go.mod h1:hI93XBmqTisBFMUTm0b8Fm+jr3Dg1NNxqwp+5A1VGuI=
